
Microsoft Visual Studio Solution File, Format Version 12.00
# Visual Studio Version 17
VisualStudioVersion = 17.8.34330.188
MinimumVisualStudioVersion = 10.0.40219.1
Project("{FAE04EC0-301F-11D3-BF4B-00C04F79EFBC}") = "Backend", "Backend.csproj", "{450A6084-7008-4B14-A10E-9EF4137339B1}"
EndProject
Global
	GlobalSection(SolutionConfigurationPlatforms) = preSolution
		Debug|Any CPU = Debug|Any CPU
		Release|Any CPU = Release|Any CPU
	EndGlobalSection
	GlobalSection(ProjectConfigurationPlatforms) = postSolution
		{450A6084-7008-4B14-A10E-9EF4137339B1}.Debug|Any CPU.ActiveCfg = Debug|Any CPU
		{450A6084-7008-4B14-A10E-9EF4137339B1}.Debug|Any CPU.Build.0 = Debug|Any CPU
		{450A6084-7008-4B14-A10E-9EF4137339B1}.Release|Any CPU.ActiveCfg = Release|Any CPU
		{450A6084-7008-4B14-A10E-9EF4137339B1}.Release|Any CPU.Build.0 = Release|Any CPU
	EndGlobalSection
	GlobalSection(SolutionProperties) = preSolution
		HideSolutionNode = FALSE
	EndGlobalSection
	GlobalSection(ExtensibilityGlobals) = postSolution
		SolutionGuid = {61FBE435-A085-485D-A3D4-A8AF7806757B}
	EndGlobalSection
EndGlobal
